
Microsoft Visual Studio Solution File, Format Version 12.00
# Visual Studio Version 17
VisualStudioVersion = 17.13.35931.197
MinimumVisualStudioVersion = 10.0.40219.1
Project("{8BC9CEB8-8B4A-11D0-8D11-00A0C91BC942}") = "Program", "Program.vcxproj", "{93C036AB-FFAC-4F23-A1B0-7C0238231940}"
EndProject
Project("{8BC9CEB8-8B4A-11D0-8D11-00A0C91BC942}") = "Class1th (Compile)", "..\Class1th (Compile)\Class1th (Compile).vcxproj", "{1B214229-F896-49D9-950B-2B257ACEED5F}"
EndProject
Global
	GlobalSection(SolutionConfigurationPlatforms) = preSolution
		Debug|x64 = Debug|x64
		Debug|x86 = Debug|x86
		Release|x64 = Release|x64
		Release|x86 = Release|x86
	EndGlobalSection
	GlobalSection(ProjectConfigurationPlatforms) = postSolution
		{93C036AB-FFAC-4F23-A1B0-7C0238231940}.Debug|x64.ActiveCfg = Debug|x64
		{93C036AB-FFAC-4F23-A1B0-7C0238231940}.Debug|x64.Build.0 = Debug|x64
		{93C036AB-FFAC-4F23-A1B0-7C0238231940}.Debug|x86.ActiveCfg = Debug|Win32
		{93C036AB-FFAC-4F23-A1B0-7C0238231940}.Debug|x86.Build.0 = Debug|Win32
		{93C036AB-FFAC-4F23-A1B0-7C0238231940}.Release|x64.ActiveCfg = Release|x64
		{93C036AB-FFAC-4F23-A1B0-7C0238231940}.Release|x64.Build.0 = Release|x64
		{93C036AB-FFAC-4F23-A1B0-7C0238231940}.Release|x86.ActiveCfg = Release|Win32
		{93C036AB-FFAC-4F23-A1B0-7C0238231940}.Release|x86.Build.0 = Release|Win32
		{1B214229-F896-49D9-950B-2B257ACEED5F}.Debug|x64.ActiveCfg = Debug|x64
		{1B214229-F896-49D9-950B-2B257ACEED5F}.Debug|x64.Build.0 = Debug|x64
		{1B214229-F896-49D9-950B-2B257ACEED5F}.Debug|x86.ActiveCfg = Debug|Win32
		{1B214229-F896-49D9-950B-2B257ACEED5F}.Debug|x86.Build.0 = Debug|Win32
		{1B214229-F896-49D9-950B-2B257ACEED5F}.Release|x64.ActiveCfg = Release|x64
		{1B214229-F896-49D9-950B-2B257ACEED5F}.Release|x64.Build.0 = Release|x64
		{1B214229-F896-49D9-950B-2B257ACEED5F}.Release|x86.ActiveCfg = Release|Win32
		{1B214229-F896-49D9-950B-2B257ACEED5F}.Release|x86.Build.0 = Release|Win32
	EndGlobalSection
	GlobalSection(SolutionProperties) = preSolution
		HideSolutionNode = FALSE
	EndGlobalSection
	GlobalSection(ExtensibilityGlobals) = postSolution
		SolutionGuid = {C43E959B-3FFD-4F8F-9604-CC87A1350F7E}
	EndGlobalSection
EndGlobal
