
Microsoft Visual Studio Solution File, Format Version 12.00
# Visual Studio Version 17
VisualStudioVersion = 17.13.35931.197
MinimumVisualStudioVersion = 10.0.40219.1
Project("{8BC9CEB8-8B4A-11D0-8D11-00A0C91BC942}") = "Program", "Program.vcxproj", "{93C036AB-FFAC-4F23-A1B0-7C0238231940}"
EndProject
Project("{8BC9CEB8-8B4A-11D0-8D11-00A0C91BC942}") = "Class1th (Compile)", "..\Class1th (Compile)\Class1th (Compile).vcxproj", "{1B214229-F896-49D9-950B-2B257ACEED5F}"
EndProject
Project("{8BC9CEB8-8B4A-11D0-8D11-00A0C91BC942}") = "Class2th (Variable & Constant)", "..\Class2th (Variable & Constant)\Class2th (Variable & Constant).vcxproj", "{08CD6AC5-6B16-4924-BDE3-C254AAF4DA4C}"
EndProject
Project("{8BC9CEB8-8B4A-11D0-8D11-00A0C91BC942}") = "Class3th (Bit)", "..\Class3th (Bit)\Class3th (Bit).vcxproj", "{581C4B3C-201A-467C-8B54-ADC0CD64ADBF}"
EndProject
Project("{8BC9CEB8-8B4A-11D0-8D11-00A0C91BC942}") = "Class4th (Overflow & Underflow)", "..\Class4th (Overflow & Underflow)\Class4th (Overflow & Underflow).vcxproj", "{58E58EEF-E744-4EFA-9023-D0CE81915834}"
EndProject
Project("{8BC9CEB8-8B4A-11D0-8D11-00A0C91BC942}") = "Class5th (Conditional Statement)", "..\Class 5th (Conditional Statement)\Class 5th (Conditional Statement).vcxproj", "{DB4CAA5D-EB37-48E8-B7AF-A87EEEAA4C97}"
EndProject
Project("{8BC9CEB8-8B4A-11D0-8D11-00A0C91BC942}") = "Class6th (Iteration Statement)", "..\Class6th (Iteration Statement)\Class6th (Iteration Statement).vcxproj", "{388A372D-EF9D-40B5-AF48-E07B09B1AF40}"
EndProject
Project("{8BC9CEB8-8B4A-11D0-8D11-00A0C91BC942}") = "Class7th (Type Conversion)", "..\Class7th (Type Conversion)\Class7th (Type Conversion).vcxproj", "{26570F08-7FB1-43A0-8F1D-74716483571B}"
EndProject
Project("{8BC9CEB8-8B4A-11D0-8D11-00A0C91BC942}") = "Class8th (Pointer)", "..\Class8th (Pointer)\Class8th (Pointer).vcxproj", "{3BBFD2BE-C0CE-4F86-B128-6EA78E43F31B}"
EndProject
Project("{8BC9CEB8-8B4A-11D0-8D11-00A0C91BC942}") = "Class9th (Array)", "..\Class9th (Array)\Class9th (Array).vcxproj", "{F8BA8D16-1CFF-4DD8-AF04-767F153715AB}"
EndProject
Project("{8BC9CEB8-8B4A-11D0-8D11-00A0C91BC942}") = "Class10th (Function)", "..\Class10th (Function)\Class10th (Function).vcxproj", "{61232ECC-D71A-42ED-82C4-E21CC42EA27B}"
EndProject
Project("{8BC9CEB8-8B4A-11D0-8D11-00A0C91BC942}") = "Class11th (Storage)", "..\Class11th (Storage)\Class11th (Storage).vcxproj", "{CB3395C4-B5CA-44A7-8AC0-EBA0FFE8D4DC}"
EndProject
Global
	GlobalSection(SolutionConfigurationPlatforms) = preSolution
		Debug|x64 = Debug|x64
		Debug|x86 = Debug|x86
		Release|x64 = Release|x64
		Release|x86 = Release|x86
	EndGlobalSection
	GlobalSection(ProjectConfigurationPlatforms) = postSolution
		{93C036AB-FFAC-4F23-A1B0-7C0238231940}.Debug|x64.ActiveCfg = Debug|x64
		{93C036AB-FFAC-4F23-A1B0-7C0238231940}.Debug|x64.Build.0 = Debug|x64
		{93C036AB-FFAC-4F23-A1B0-7C0238231940}.Debug|x86.ActiveCfg = Debug|Win32
		{93C036AB-FFAC-4F23-A1B0-7C0238231940}.Debug|x86.Build.0 = Debug|Win32
		{93C036AB-FFAC-4F23-A1B0-7C0238231940}.Release|x64.ActiveCfg = Release|x64
		{93C036AB-FFAC-4F23-A1B0-7C0238231940}.Release|x64.Build.0 = Release|x64
		{93C036AB-FFAC-4F23-A1B0-7C0238231940}.Release|x86.ActiveCfg = Release|Win32
		{93C036AB-FFAC-4F23-A1B0-7C0238231940}.Release|x86.Build.0 = Release|Win32
		{1B214229-F896-49D9-950B-2B257ACEED5F}.Debug|x64.ActiveCfg = Debug|x64
		{1B214229-F896-49D9-950B-2B257ACEED5F}.Debug|x64.Build.0 = Debug|x64
		{1B214229-F896-49D9-950B-2B257ACEED5F}.Debug|x86.ActiveCfg = Debug|Win32
		{1B214229-F896-49D9-950B-2B257ACEED5F}.Debug|x86.Build.0 = Debug|Win32
		{1B214229-F896-49D9-950B-2B257ACEED5F}.Release|x64.ActiveCfg = Release|x64
		{1B214229-F896-49D9-950B-2B257ACEED5F}.Release|x64.Build.0 = Release|x64
		{1B214229-F896-49D9-950B-2B257ACEED5F}.Release|x86.ActiveCfg = Release|Win32
		{1B214229-F896-49D9-950B-2B257ACEED5F}.Release|x86.Build.0 = Release|Win32
		{08CD6AC5-6B16-4924-BDE3-C254AAF4DA4C}.Debug|x64.ActiveCfg = Debug|x64
		{08CD6AC5-6B16-4924-BDE3-C254AAF4DA4C}.Debug|x64.Build.0 = Debug|x64
		{08CD6AC5-6B16-4924-BDE3-C254AAF4DA4C}.Debug|x86.ActiveCfg = Debug|Win32
		{08CD6AC5-6B16-4924-BDE3-C254AAF4DA4C}.Debug|x86.Build.0 = Debug|Win32
		{08CD6AC5-6B16-4924-BDE3-C254AAF4DA4C}.Release|x64.ActiveCfg = Release|x64
		{08CD6AC5-6B16-4924-BDE3-C254AAF4DA4C}.Release|x64.Build.0 = Release|x64
		{08CD6AC5-6B16-4924-BDE3-C254AAF4DA4C}.Release|x86.ActiveCfg = Release|Win32
		{08CD6AC5-6B16-4924-BDE3-C254AAF4DA4C}.Release|x86.Build.0 = Release|Win32
		{581C4B3C-201A-467C-8B54-ADC0CD64ADBF}.Debug|x64.ActiveCfg = Debug|x64
		{581C4B3C-201A-467C-8B54-ADC0CD64ADBF}.Debug|x64.Build.0 = Debug|x64
		{581C4B3C-201A-467C-8B54-ADC0CD64ADBF}.Debug|x86.ActiveCfg = Debug|Win32
		{581C4B3C-201A-467C-8B54-ADC0CD64ADBF}.Debug|x86.Build.0 = Debug|Win32
		{581C4B3C-201A-467C-8B54-ADC0CD64ADBF}.Release|x64.ActiveCfg = Release|x64
		{581C4B3C-201A-467C-8B54-ADC0CD64ADBF}.Release|x64.Build.0 = Release|x64
		{581C4B3C-201A-467C-8B54-ADC0CD64ADBF}.Release|x86.ActiveCfg = Release|Win32
		{581C4B3C-201A-467C-8B54-ADC0CD64ADBF}.Release|x86.Build.0 = Release|Win32
		{58E58EEF-E744-4EFA-9023-D0CE81915834}.Debug|x64.ActiveCfg = Debug|x64
		{58E58EEF-E744-4EFA-9023-D0CE81915834}.Debug|x64.Build.0 = Debug|x64
		{58E58EEF-E744-4EFA-9023-D0CE81915834}.Debug|x86.ActiveCfg = Debug|Win32
		{58E58EEF-E744-4EFA-9023-D0CE81915834}.Debug|x86.Build.0 = Debug|Win32
		{58E58EEF-E744-4EFA-9023-D0CE81915834}.Release|x64.ActiveCfg = Release|x64
		{58E58EEF-E744-4EFA-9023-D0CE81915834}.Release|x64.Build.0 = Release|x64
		{58E58EEF-E744-4EFA-9023-D0CE81915834}.Release|x86.ActiveCfg = Release|Win32
		{58E58EEF-E744-4EFA-9023-D0CE81915834}.Release|x86.Build.0 = Release|Win32
		{DB4CAA5D-EB37-48E8-B7AF-A87EEEAA4C97}.Debug|x64.ActiveCfg = Debug|x64
		{DB4CAA5D-EB37-48E8-B7AF-A87EEEAA4C97}.Debug|x64.Build.0 = Debug|x64
		{DB4CAA5D-EB37-48E8-B7AF-A87EEEAA4C97}.Debug|x86.ActiveCfg = Debug|Win32
		{DB4CAA5D-EB37-48E8-B7AF-A87EEEAA4C97}.Debug|x86.Build.0 = Debug|Win32
		{DB4CAA5D-EB37-48E8-B7AF-A87EEEAA4C97}.Release|x64.ActiveCfg = Release|x64
		{DB4CAA5D-EB37-48E8-B7AF-A87EEEAA4C97}.Release|x64.Build.0 = Release|x64
		{DB4CAA5D-EB37-48E8-B7AF-A87EEEAA4C97}.Release|x86.ActiveCfg = Release|Win32
		{DB4CAA5D-EB37-48E8-B7AF-A87EEEAA4C97}.Release|x86.Build.0 = Release|Win32
		{388A372D-EF9D-40B5-AF48-E07B09B1AF40}.Debug|x64.ActiveCfg = Debug|x64
		{388A372D-EF9D-40B5-AF48-E07B09B1AF40}.Debug|x64.Build.0 = Debug|x64
		{388A372D-EF9D-40B5-AF48-E07B09B1AF40}.Debug|x86.ActiveCfg = Debug|Win32
		{388A372D-EF9D-40B5-AF48-E07B09B1AF40}.Debug|x86.Build.0 = Debug|Win32
		{388A372D-EF9D-40B5-AF48-E07B09B1AF40}.Release|x64.ActiveCfg = Release|x64
		{388A372D-EF9D-40B5-AF48-E07B09B1AF40}.Release|x64.Build.0 = Release|x64
		{388A372D-EF9D-40B5-AF48-E07B09B1AF40}.Release|x86.ActiveCfg = Release|Win32
		{388A372D-EF9D-40B5-AF48-E07B09B1AF40}.Release|x86.Build.0 = Release|Win32
		{26570F08-7FB1-43A0-8F1D-74716483571B}.Debug|x64.ActiveCfg = Debug|x64
		{26570F08-7FB1-43A0-8F1D-74716483571B}.Debug|x64.Build.0 = Debug|x64
		{26570F08-7FB1-43A0-8F1D-74716483571B}.Debug|x86.ActiveCfg = Debug|Win32
		{26570F08-7FB1-43A0-8F1D-74716483571B}.Debug|x86.Build.0 = Debug|Win32
		{26570F08-7FB1-43A0-8F1D-74716483571B}.Release|x64.ActiveCfg = Release|x64
		{26570F08-7FB1-43A0-8F1D-74716483571B}.Release|x64.Build.0 = Release|x64
		{26570F08-7FB1-43A0-8F1D-74716483571B}.Release|x86.ActiveCfg = Release|Win32
		{26570F08-7FB1-43A0-8F1D-74716483571B}.Release|x86.Build.0 = Release|Win32
		{3BBFD2BE-C0CE-4F86-B128-6EA78E43F31B}.Debug|x64.ActiveCfg = Debug|x64
		{3BBFD2BE-C0CE-4F86-B128-6EA78E43F31B}.Debug|x64.Build.0 = Debug|x64
		{3BBFD2BE-C0CE-4F86-B128-6EA78E43F31B}.Debug|x86.ActiveCfg = Debug|Win32
		{3BBFD2BE-C0CE-4F86-B128-6EA78E43F31B}.Debug|x86.Build.0 = Debug|Win32
		{3BBFD2BE-C0CE-4F86-B128-6EA78E43F31B}.Release|x64.ActiveCfg = Release|x64
		{3BBFD2BE-C0CE-4F86-B128-6EA78E43F31B}.Release|x64.Build.0 = Release|x64
		{3BBFD2BE-C0CE-4F86-B128-6EA78E43F31B}.Release|x86.ActiveCfg = Release|Win32
		{3BBFD2BE-C0CE-4F86-B128-6EA78E43F31B}.Release|x86.Build.0 = Release|Win32
		{F8BA8D16-1CFF-4DD8-AF04-767F153715AB}.Debug|x64.ActiveCfg = Debug|x64
		{F8BA8D16-1CFF-4DD8-AF04-767F153715AB}.Debug|x64.Build.0 = Debug|x64
		{F8BA8D16-1CFF-4DD8-AF04-767F153715AB}.Debug|x86.ActiveCfg = Debug|Win32
		{F8BA8D16-1CFF-4DD8-AF04-767F153715AB}.Debug|x86.Build.0 = Debug|Win32
		{F8BA8D16-1CFF-4DD8-AF04-767F153715AB}.Release|x64.ActiveCfg = Release|x64
		{F8BA8D16-1CFF-4DD8-AF04-767F153715AB}.Release|x64.Build.0 = Release|x64
		{F8BA8D16-1CFF-4DD8-AF04-767F153715AB}.Release|x86.ActiveCfg = Release|Win32
		{F8BA8D16-1CFF-4DD8-AF04-767F153715AB}.Release|x86.Build.0 = Release|Win32
		{61232ECC-D71A-42ED-82C4-E21CC42EA27B}.Debug|x64.ActiveCfg = Debug|x64
		{61232ECC-D71A-42ED-82C4-E21CC42EA27B}.Debug|x64.Build.0 = Debug|x64
		{61232ECC-D71A-42ED-82C4-E21CC42EA27B}.Debug|x86.ActiveCfg = Debug|Win32
		{61232ECC-D71A-42ED-82C4-E21CC42EA27B}.Debug|x86.Build.0 = Debug|Win32
		{61232ECC-D71A-42ED-82C4-E21CC42EA27B}.Release|x64.ActiveCfg = Release|x64
		{61232ECC-D71A-42ED-82C4-E21CC42EA27B}.Release|x64.Build.0 = Release|x64
		{61232ECC-D71A-42ED-82C4-E21CC42EA27B}.Release|x86.ActiveCfg = Release|Win32
		{61232ECC-D71A-42ED-82C4-E21CC42EA27B}.Release|x86.Build.0 = Release|Win32
		{CB3395C4-B5CA-44A7-8AC0-EBA0FFE8D4DC}.Debug|x64.ActiveCfg = Debug|x64
		{CB3395C4-B5CA-44A7-8AC0-EBA0FFE8D4DC}.Debug|x64.Build.0 = Debug|x64
		{CB3395C4-B5CA-44A7-8AC0-EBA0FFE8D4DC}.Debug|x86.ActiveCfg = Debug|Win32
		{CB3395C4-B5CA-44A7-8AC0-EBA0FFE8D4DC}.Debug|x86.Build.0 = Debug|Win32
		{CB3395C4-B5CA-44A7-8AC0-EBA0FFE8D4DC}.Release|x64.ActiveCfg = Release|x64
		{CB3395C4-B5CA-44A7-8AC0-EBA0FFE8D4DC}.Release|x64.Build.0 = Release|x64
		{CB3395C4-B5CA-44A7-8AC0-EBA0FFE8D4DC}.Release|x86.ActiveCfg = Release|Win32
		{CB3395C4-B5CA-44A7-8AC0-EBA0FFE8D4DC}.Release|x86.Build.0 = Release|Win32
	EndGlobalSection
	GlobalSection(SolutionProperties) = preSolution
		HideSolutionNode = FALSE
	EndGlobalSection
	GlobalSection(ExtensibilityGlobals) = postSolution
		SolutionGuid = {C43E959B-3FFD-4F8F-9604-CC87A1350F7E}
	EndGlobalSection
EndGlobal
